
Microsoft Visual Studio Solution File, Format Version 12.00
# Visual Studio Version 16
VisualStudioVersion = 16.0.31313.79
MinimumVisualStudioVersion = 10.0.40219.1
Project("{9A19103F-16F7-4668-BE54-9A1E7A4F7556}") = "Engin Demirog Dersleri", "Engin Demirog Dersleri.csproj", "{AECC48ED-FB5E-47D9-B68F-3F034FC6B63A}"
EndProject
Project("{9A19103F-16F7-4668-BE54-9A1E7A4F7556}") = "Classlar", "..\Classlar\Classlar.csproj", "{E4F5FCC4-61CA-41FF-BA75-E15C2CF6BC94}"
EndProject
Project("{FAE04EC0-301F-11D3-BF4B-00C04F79EFBC}") = "RecapDemo1", "..\RecapDemo1\RecapDemo1.csproj", "{20C7E6D5-5AEC-4542-99AD-B8F360BABA4D}"
EndProject
Project("{FAE04EC0-301F-11D3-BF4B-00C04F79EFBC}") = "Interfaces", "Interfaces\Interfaces.csproj", "{D90BCFAC-4759-4B74-8010-E60FF495C639}"
EndProject
Global
	GlobalSection(SolutionConfigurationPlatforms) = preSolution
		Debug|Any CPU = Debug|Any CPU
		Release|Any CPU = Release|Any CPU
	EndGlobalSection
	GlobalSection(ProjectConfigurationPlatforms) = postSolution
		{AECC48ED-FB5E-47D9-B68F-3F034FC6B63A}.Debug|Any CPU.ActiveCfg = Debug|Any CPU
		{AECC48ED-FB5E-47D9-B68F-3F034FC6B63A}.Debug|Any CPU.Build.0 = Debug|Any CPU
		{AECC48ED-FB5E-47D9-B68F-3F034FC6B63A}.Release|Any CPU.ActiveCfg = Release|Any CPU
		{AECC48ED-FB5E-47D9-B68F-3F034FC6B63A}.Release|Any CPU.Build.0 = Release|Any CPU
		{E4F5FCC4-61CA-41FF-BA75-E15C2CF6BC94}.Debug|Any CPU.ActiveCfg = Debug|Any CPU
		{E4F5FCC4-61CA-41FF-BA75-E15C2CF6BC94}.Debug|Any CPU.Build.0 = Debug|Any CPU
		{E4F5FCC4-61CA-41FF-BA75-E15C2CF6BC94}.Release|Any CPU.ActiveCfg = Release|Any CPU
		{E4F5FCC4-61CA-41FF-BA75-E15C2CF6BC94}.Release|Any CPU.Build.0 = Release|Any CPU
		{20C7E6D5-5AEC-4542-99AD-B8F360BABA4D}.Debug|Any CPU.ActiveCfg = Debug|Any CPU
		{20C7E6D5-5AEC-4542-99AD-B8F360BABA4D}.Debug|Any CPU.Build.0 = Debug|Any CPU
		{20C7E6D5-5AEC-4542-99AD-B8F360BABA4D}.Release|Any CPU.ActiveCfg = Release|Any CPU
		{20C7E6D5-5AEC-4542-99AD-B8F360BABA4D}.Release|Any CPU.Build.0 = Release|Any CPU
		{D90BCFAC-4759-4B74-8010-E60FF495C639}.Debug|Any CPU.ActiveCfg = Debug|Any CPU
		{D90BCFAC-4759-4B74-8010-E60FF495C639}.Debug|Any CPU.Build.0 = Debug|Any CPU
		{D90BCFAC-4759-4B74-8010-E60FF495C639}.Release|Any CPU.ActiveCfg = Release|Any CPU
		{D90BCFAC-4759-4B74-8010-E60FF495C639}.Release|Any CPU.Build.0 = Release|Any CPU
	EndGlobalSection
	GlobalSection(SolutionProperties) = preSolution
		HideSolutionNode = FALSE
	EndGlobalSection
	GlobalSection(ExtensibilityGlobals) = postSolution
		SolutionGuid = {F7063D5E-D86E-40BF-8E57-B4BEEA3C0B28}
	EndGlobalSection
EndGlobal
